// !$*UTF8*$!
{
	archiveVersion = 1;
	classes = {
	};
	objectVersion = 50;
	objects = {

/* Begin PBXBuildFile section */
		044AA07326B50F65002AB7C1 /* AppDelegate.swift in Sources */ = {isa = PBXBuildFile; fileRef = 044AA07226B50F65002AB7C1 /* AppDelegate.swift */; };
		044AA07526B50F65002AB7C1 /* SceneDelegate.swift in Sources */ = {isa = PBXBuildFile; fileRef = 044AA07426B50F65002AB7C1 /* SceneDelegate.swift */; };
		044AA07A26B50F65002AB7C1 /* Main.storyboard in Resources */ = {isa = PBXBuildFile; fileRef = 044AA07826B50F65002AB7C1 /* Main.storyboard */; };
		044AA07D26B50F66002AB7C1 /* DemoProject.xcdatamodeld in Sources */ = {isa = PBXBuildFile; fileRef = 044AA07B26B50F66002AB7C1 /* DemoProject.xcdatamodeld */; };
		044AA07F26B50F66002AB7C1 /* Assets.xcassets in Resources */ = {isa = PBXBuildFile; fileRef = 044AA07E26B50F66002AB7C1 /* Assets.xcassets */; };
		044AA08226B50F66002AB7C1 /* LaunchScreen.storyboard in Resources */ = {isa = PBXBuildFile; fileRef = 044AA08026B50F66002AB7C1 /* LaunchScreen.storyboard */; };
		044AA08D26B50F66002AB7C1 /* DemoProjectTests.swift in Sources */ = {isa = PBXBuildFile; fileRef = 044AA08C26B50F66002AB7C1 /* DemoProjectTests.swift */; };
		044AA09826B50F66002AB7C1 /* DemoProjectUITests.swift in Sources */ = {isa = PBXBuildFile; fileRef = 044AA09726B50F66002AB7C1 /* DemoProjectUITests.swift */; };
		044AA0B926B511C1002AB7C1 /* NewsHeadlinesVC.swift in Sources */ = {isa = PBXBuildFile; fileRef = 044AA0B826B511C1002AB7C1 /* NewsHeadlinesVC.swift */; };
		044AA0BE26B513E5002AB7C1 /* HeadlinesComposer.swift in Sources */ = {isa = PBXBuildFile; fileRef = 044AA0BD26B513E5002AB7C1 /* HeadlinesComposer.swift */; };
		044AA0C326B5162C002AB7C1 /* NewsViewModel.swift in Sources */ = {isa = PBXBuildFile; fileRef = 044AA0C226B5162C002AB7C1 /* NewsViewModel.swift */; };
		044AA0C826B51680002AB7C1 /* NewsModel.swift in Sources */ = {isa = PBXBuildFile; fileRef = 044AA0C726B51680002AB7C1 /* NewsModel.swift */; };
		044AA0CD26B51806002AB7C1 /* AppConstants.swift in Sources */ = {isa = PBXBuildFile; fileRef = 044AA0CC26B51806002AB7C1 /* AppConstants.swift */; };
		044AA0D426B51884002AB7C1 /* NewsLoader.swift in Sources */ = {isa = PBXBuildFile; fileRef = 044AA0D326B51884002AB7C1 /* NewsLoader.swift */; };
		044AA0E326B51A80002AB7C1 /* ServiceHelper.swift in Sources */ = {isa = PBXBuildFile; fileRef = 044AA0E226B51A80002AB7C1 /* ServiceHelper.swift */; };
		044AA0E926B51C71002AB7C1 /* NewsApiHelper.swift in Sources */ = {isa = PBXBuildFile; fileRef = 044AA0E826B51C71002AB7C1 /* NewsApiHelper.swift */; };
		044AA0EE26B53205002AB7C1 /* NewsHeadlineCellController.swift in Sources */ = {isa = PBXBuildFile; fileRef = 044AA0ED26B53205002AB7C1 /* NewsHeadlineCellController.swift */; };
		044AA0F626B5326E002AB7C1 /* NewsHeadlineCell.swift in Sources */ = {isa = PBXBuildFile; fileRef = 044AA0F526B5326E002AB7C1 /* NewsHeadlineCell.swift */; };
		044AA10326B533C7002AB7C1 /* NewsHeadline.swift in Sources */ = {isa = PBXBuildFile; fileRef = 044AA10226B533C7002AB7C1 /* NewsHeadline.swift */; };
		044AA10E26B53524002AB7C1 /* Extensions.swift in Sources */ = {isa = PBXBuildFile; fileRef = 044AA10D26B53524002AB7C1 /* Extensions.swift */; };
		044AA11626B53A81002AB7C1 /* NewsDetailVCComposer.swift in Sources */ = {isa = PBXBuildFile; fileRef = 044AA11526B53A81002AB7C1 /* NewsDetailVCComposer.swift */; };
		044AA11B26B53AE7002AB7C1 /* NewsDetailVC.swift in Sources */ = {isa = PBXBuildFile; fileRef = 044AA11A26B53AE7002AB7C1 /* NewsDetailVC.swift */; };
/* End PBXBuildFile section */

/* Begin PBXContainerItemProxy section */
		044AA08926B50F66002AB7C1 /* PBXContainerItemProxy */ = {
			isa = PBXContainerItemProxy;
			containerPortal = 044AA06726B50F65002AB7C1 /* Project object */;
			proxyType = 1;
			remoteGlobalIDString = 044AA06E26B50F65002AB7C1;
			remoteInfo = DemoProject;
		};
		044AA09426B50F66002AB7C1 /* PBXContainerItemProxy */ = {
			isa = PBXContainerItemProxy;
			containerPortal = 044AA06726B50F65002AB7C1 /* Project object */;
			proxyType = 1;
			remoteGlobalIDString = 044AA06E26B50F65002AB7C1;
			remoteInfo = DemoProject;
		};
/* End PBXContainerItemProxy section */

/* Begin PBXFileReference section */
		044AA06F26B50F65002AB7C1 /* DemoProject.app */ = {isa = PBXFileReference; explicitFileType = wrapper.application; includeInIndex = 0; path = DemoProject.app; sourceTree = BUILT_PRODUCTS_DIR; };
		044AA07226B50F65002AB7C1 /* AppDelegate.swift */ = {isa = PBXFileReference; lastKnownFileType = sourcecode.swift; path = AppDelegate.swift; sourceTree = "<group>"; };
		044AA07426B50F65002AB7C1 /* SceneDelegate.swift */ = {isa = PBXFileReference; lastKnownFileType = sourcecode.swift; path = SceneDelegate.swift; sourceTree = "<group>"; };
		044AA07926B50F65002AB7C1 /* Base */ = {isa = PBXFileReference; lastKnownFileType = file.storyboard; name = Base; path = Base.lproj/Main.storyboard; sourceTree = "<group>"; };
		044AA07C26B50F66002AB7C1 /* DemoProject.xcdatamodel */ = {isa = PBXFileReference; lastKnownFileType = wrapper.xcdatamodel; path = DemoProject.xcdatamodel; sourceTree = "<group>"; };
		044AA07E26B50F66002AB7C1 /* Assets.xcassets */ = {isa = PBXFileReference; lastKnownFileType = folder.assetcatalog; path = Assets.xcassets; sourceTree = "<group>"; };
		044AA08126B50F66002AB7C1 /* Base */ = {isa = PBXFileReference; lastKnownFileType = file.storyboard; name = Base; path = Base.lproj/LaunchScreen.storyboard; sourceTree = "<group>"; };
		044AA08326B50F66002AB7C1 /* Info.plist */ = {isa = PBXFileReference; lastKnownFileType = text.plist.xml; path = Info.plist; sourceTree = "<group>"; };
		044AA08826B50F66002AB7C1 /* DemoProjectTests.xctest */ = {isa = PBXFileReference; explicitFileType = wrapper.cfbundle; includeInIndex = 0; path = DemoProjectTests.xctest; sourceTree = BUILT_PRODUCTS_DIR; };
		044AA08C26B50F66002AB7C1 /* DemoProjectTests.swift */ = {isa = PBXFileReference; lastKnownFileType = sourcecode.swift; path = DemoProjectTests.swift; sourceTree = "<group>"; };
		044AA08E26B50F66002AB7C1 /* Info.plist */ = {isa = PBXFileReference; lastKnownFileType = text.plist.xml; path = Info.plist; sourceTree = "<group>"; };
		044AA09326B50F66002AB7C1 /* DemoProjectUITests.xctest */ = {isa = PBXFileReference; explicitFileType = wrapper.cfbundle; includeInIndex = 0; path = DemoProjectUITests.xctest; sourceTree = BUILT_PRODUCTS_DIR; };
		044AA09726B50F66002AB7C1 /* DemoProjectUITests.swift */ = {isa = PBXFileReference; lastKnownFileType = sourcecode.swift; path = DemoProjectUITests.swift; sourceTree = "<group>"; };
		044AA09926B50F66002AB7C1 /* Info.plist */ = {isa = PBXFileReference; lastKnownFileType = text.plist.xml; path = Info.plist; sourceTree = "<group>"; };
		044AA0B826B511C1002AB7C1 /* NewsHeadlinesVC.swift */ = {isa = PBXFileReference; lastKnownFileType = sourcecode.swift; path = NewsHeadlinesVC.swift; sourceTree = "<group>"; };
		044AA0BD26B513E5002AB7C1 /* HeadlinesComposer.swift */ = {isa = PBXFileReference; lastKnownFileType = sourcecode.swift; path = HeadlinesComposer.swift; sourceTree = "<group>"; };
		044AA0C226B5162C002AB7C1 /* NewsViewModel.swift */ = {isa = PBXFileReference; lastKnownFileType = sourcecode.swift; path = NewsViewModel.swift; sourceTree = "<group>"; };
		044AA0C726B51680002AB7C1 /* NewsModel.swift */ = {isa = PBXFileReference; lastKnownFileType = sourcecode.swift; path = NewsModel.swift; sourceTree = "<group>"; };
		044AA0CC26B51806002AB7C1 /* AppConstants.swift */ = {isa = PBXFileReference; lastKnownFileType = sourcecode.swift; path = AppConstants.swift; sourceTree = "<group>"; };
		044AA0D326B51884002AB7C1 /* NewsLoader.swift */ = {isa = PBXFileReference; lastKnownFileType = sourcecode.swift; path = NewsLoader.swift; sourceTree = "<group>"; };
		044AA0E226B51A80002AB7C1 /* ServiceHelper.swift */ = {isa = PBXFileReference; lastKnownFileType = sourcecode.swift; path = ServiceHelper.swift; sourceTree = "<group>"; };
		044AA0E826B51C71002AB7C1 /* NewsApiHelper.swift */ = {isa = PBXFileReference; lastKnownFileType = sourcecode.swift; path = NewsApiHelper.swift; sourceTree = "<group>"; };
		044AA0ED26B53205002AB7C1 /* NewsHeadlineCellController.swift */ = {isa = PBXFileReference; lastKnownFileType = sourcecode.swift; path = NewsHeadlineCellController.swift; sourceTree = "<group>"; };
		044AA0F526B5326E002AB7C1 /* NewsHeadlineCell.swift */ = {isa = PBXFileReference; lastKnownFileType = sourcecode.swift; path = NewsHeadlineCell.swift; sourceTree = "<group>"; };
		044AA10226B533C7002AB7C1 /* NewsHeadline.swift */ = {isa = PBXFileReference; lastKnownFileType = sourcecode.swift; path = NewsHeadline.swift; sourceTree = "<group>"; };
		044AA10D26B53524002AB7C1 /* Extensions.swift */ = {isa = PBXFileReference; lastKnownFileType = sourcecode.swift; path = Extensions.swift; sourceTree = "<group>"; };
		044AA11526B53A81002AB7C1 /* NewsDetailVCComposer.swift */ = {isa = PBXFileReference; lastKnownFileType = sourcecode.swift; path = NewsDetailVCComposer.swift; sourceTree = "<group>"; };
		044AA11A26B53AE7002AB7C1 /* NewsDetailVC.swift */ = {isa = PBXFileReference; lastKnownFileType = sourcecode.swift; path = NewsDetailVC.swift; sourceTree = "<group>"; };
/* End PBXFileReference section */

/* Begin PBXFrameworksBuildPhase section */
		044AA06C26B50F65002AB7C1 /* Frameworks */ = {
			isa = PBXFrameworksBuildPhase;
			buildActionMask = 2147483647;
			files = (
			);
			runOnlyForDeploymentPostprocessing = 0;
		};
		044AA08526B50F66002AB7C1 /* Frameworks */ = {
			isa = PBXFrameworksBuildPhase;
			buildActionMask = 2147483647;
			files = (
			);
			runOnlyForDeploymentPostprocessing = 0;
		};
		044AA09026B50F66002AB7C1 /* Frameworks */ = {
			isa = PBXFrameworksBuildPhase;
			buildActionMask = 2147483647;
			files = (
			);
			runOnlyForDeploymentPostprocessing = 0;
		};
/* End PBXFrameworksBuildPhase section */

/* Begin PBXGroup section */
		044AA06626B50F65002AB7C1 = {
			isa = PBXGroup;
			children = (
				044AA07126B50F65002AB7C1 /* DemoProject */,
				044AA08B26B50F66002AB7C1 /* DemoProjectTests */,
				044AA09626B50F66002AB7C1 /* DemoProjectUITests */,
				044AA07026B50F65002AB7C1 /* Products */,
			);
			sourceTree = "<group>";
		};
		044AA07026B50F65002AB7C1 /* Products */ = {
			isa = PBXGroup;
			children = (
				044AA06F26B50F65002AB7C1 /* DemoProject.app */,
				044AA08826B50F66002AB7C1 /* DemoProjectTests.xctest */,
				044AA09326B50F66002AB7C1 /* DemoProjectUITests.xctest */,
			);
			name = Products;
			sourceTree = "<group>";
		};
		044AA07126B50F65002AB7C1 /* DemoProject */ = {
			isa = PBXGroup;
			children = (
				044AA0E726B51C5B002AB7C1 /* ApiHelper */,
				044AA0E126B51A68002AB7C1 /* ServiceHelper */,
				044AA0D226B51868002AB7C1 /* NewsFeature */,
				044AA0D126B5180B002AB7C1 /* HelperClass */,
				044AA0B026B510E9002AB7C1 /* Source */,
				044AA0AF26B510DB002AB7C1 /* SceneDelegate */,
				044AA0AE26B510CA002AB7C1 /* AppDelegate */,
				044AA07826B50F65002AB7C1 /* Main.storyboard */,
				044AA07E26B50F66002AB7C1 /* Assets.xcassets */,
				044AA08026B50F66002AB7C1 /* LaunchScreen.storyboard */,
				044AA08326B50F66002AB7C1 /* Info.plist */,
				044AA07B26B50F66002AB7C1 /* DemoProject.xcdatamodeld */,
			);
			path = DemoProject;
			sourceTree = "<group>";
		};
		044AA08B26B50F66002AB7C1 /* DemoProjectTests */ = {
			isa = PBXGroup;
			children = (
				044AA08C26B50F66002AB7C1 /* DemoProjectTests.swift */,
				044AA08E26B50F66002AB7C1 /* Info.plist */,
			);
			path = DemoProjectTests;
			sourceTree = "<group>";
		};
		044AA09626B50F66002AB7C1 /* DemoProjectUITests */ = {
			isa = PBXGroup;
			children = (
				044AA09726B50F66002AB7C1 /* DemoProjectUITests.swift */,
				044AA09926B50F66002AB7C1 /* Info.plist */,
			);
			path = DemoProjectUITests;
			sourceTree = "<group>";
		};
		044AA0AE26B510CA002AB7C1 /* AppDelegate */ = {
			isa = PBXGroup;
			children = (
				044AA07226B50F65002AB7C1 /* AppDelegate.swift */,
			);
			path = AppDelegate;
			sourceTree = "<group>";
		};
		044AA0AF26B510DB002AB7C1 /* SceneDelegate */ = {
			isa = PBXGroup;
			children = (
				044AA07426B50F65002AB7C1 /* SceneDelegate.swift */,
			);
			path = SceneDelegate;
			sourceTree = "<group>";
		};
		044AA0B026B510E9002AB7C1 /* Source */ = {
			isa = PBXGroup;
			children = (
				044AA0B526B51183002AB7C1 /* NewsPresentation */,
				044AA0B426B5116D002AB7C1 /* NewsUI */,
			);
			path = Source;
			sourceTree = "<group>";
		};
		044AA0B426B5116D002AB7C1 /* NewsUI */ = {
			isa = PBXGroup;
			children = (
				044AA0F426B5324D002AB7C1 /* Views */,
				044AA0B726B5119C002AB7C1 /* Controller */,
				044AA0B626B51195002AB7C1 /* Composer */,
			);
			path = NewsUI;
			sourceTree = "<group>";
		};
		044AA0B526B51183002AB7C1 /* NewsPresentation */ = {
			isa = PBXGroup;
			children = (
				044AA0C226B5162C002AB7C1 /* NewsViewModel.swift */,
				044AA0C726B51680002AB7C1 /* NewsModel.swift */,
				044AA10226B533C7002AB7C1 /* NewsHeadline.swift */,
			);
			path = NewsPresentation;
			sourceTree = "<group>";
		};
		044AA0B626B51195002AB7C1 /* Composer */ = {
			isa = PBXGroup;
			children = (
				044AA0BD26B513E5002AB7C1 /* HeadlinesComposer.swift */,
				044AA11526B53A81002AB7C1 /* NewsDetailVCComposer.swift */,
			);
			path = Composer;
			sourceTree = "<group>";
		};
		044AA0B726B5119C002AB7C1 /* Controller */ = {
			isa = PBXGroup;
			children = (
				044AA0B826B511C1002AB7C1 /* NewsHeadlinesVC.swift */,
				044AA0ED26B53205002AB7C1 /* NewsHeadlineCellController.swift */,
				044AA11A26B53AE7002AB7C1 /* NewsDetailVC.swift */,
			);
			path = Controller;
			sourceTree = "<group>";
		};
		044AA0D126B5180B002AB7C1 /* HelperClass */ = {
			isa = PBXGroup;
			children = (
				044AA0CC26B51806002AB7C1 /* AppConstants.swift */,
				044AA10D26B53524002AB7C1 /* Extensions.swift */,
			);
			path = HelperClass;
			sourceTree = "<group>";
		};
		044AA0D226B51868002AB7C1 /* NewsFeature */ = {
			isa = PBXGroup;
			children = (
				044AA0D326B51884002AB7C1 /* NewsLoader.swift */,
			);
			path = NewsFeature;
			sourceTree = "<group>";
		};
		044AA0E126B51A68002AB7C1 /* ServiceHelper */ = {
			isa = PBXGroup;
			children = (
				044AA0E226B51A80002AB7C1 /* ServiceHelper.swift */,
			);
			path = ServiceHelper;
			sourceTree = "<group>";
		};
		044AA0E726B51C5B002AB7C1 /* ApiHelper */ = {
			isa = PBXGroup;
			children = (
				044AA0E826B51C71002AB7C1 /* NewsApiHelper.swift */,
			);
			path = ApiHelper;
			sourceTree = "<group>";
		};
		044AA0F426B5324D002AB7C1 /* Views */ = {
			isa = PBXGroup;
			children = (
				044AA0F526B5326E002AB7C1 /* NewsHeadlineCell.swift */,
			);
			path = Views;
			sourceTree = "<group>";
		};
/* End PBXGroup section */

/* Begin PBXNativeTarget section */
		044AA06E26B50F65002AB7C1 /* DemoProject */ = {
			isa = PBXNativeTarget;
			buildConfigurationList = 044AA09C26B50F67002AB7C1 /* Build configuration list for PBXNativeTarget "DemoProject" */;
			buildPhases = (
				044AA06B26B50F65002AB7C1 /* Sources */,
				044AA06C26B50F65002AB7C1 /* Frameworks */,
				044AA06D26B50F65002AB7C1 /* Resources */,
			);
			buildRules = (
			);
			dependencies = (
			);
			name = DemoProject;
			productName = DemoProject;
			productReference = 044AA06F26B50F65002AB7C1 /* DemoProject.app */;
			productType = "com.apple.product-type.application";
		};
		044AA08726B50F66002AB7C1 /* DemoProjectTests */ = {
			isa = PBXNativeTarget;
			buildConfigurationList = 044AA09F26B50F67002AB7C1 /* Build configuration list for PBXNativeTarget "DemoProjectTests" */;
			buildPhases = (
				044AA08426B50F66002AB7C1 /* Sources */,
				044AA08526B50F66002AB7C1 /* Frameworks */,
				044AA08626B50F66002AB7C1 /* Resources */,
			);
			buildRules = (
			);
			dependencies = (
				044AA08A26B50F66002AB7C1 /* PBXTargetDependency */,
			);
			name = DemoProjectTests;
			productName = DemoProjectTests;
			productReference = 044AA08826B50F66002AB7C1 /* DemoProjectTests.xctest */;
			productType = "com.apple.product-type.bundle.unit-test";
		};
		044AA09226B50F66002AB7C1 /* DemoProjectUITests */ = {
			isa = PBXNativeTarget;
			buildConfigurationList = 044AA0A226B50F67002AB7C1 /* Build configuration list for PBXNativeTarget "DemoProjectUITests" */;
			buildPhases = (
				044AA08F26B50F66002AB7C1 /* Sources */,
				044AA09026B50F66002AB7C1 /* Frameworks */,
				044AA09126B50F66002AB7C1 /* Resources */,
			);
			buildRules = (
			);
			dependencies = (
				044AA09526B50F66002AB7C1 /* PBXTargetDependency */,
			);
			name = DemoProjectUITests;
			productName = DemoProjectUITests;
			productReference = 044AA09326B50F66002AB7C1 /* DemoProjectUITests.xctest */;
			productType = "com.apple.product-type.bundle.ui-testing";
		};
/* End PBXNativeTarget section */

/* Begin PBXProject section */
		044AA06726B50F65002AB7C1 /* Project object */ = {
			isa = PBXProject;
			attributes = {
				LastSwiftUpdateCheck = 1240;
				LastUpgradeCheck = 1240;
				TargetAttributes = {
					044AA06E26B50F65002AB7C1 = {
						CreatedOnToolsVersion = 12.4;
					};
					044AA08726B50F66002AB7C1 = {
						CreatedOnToolsVersion = 12.4;
						TestTargetID = 044AA06E26B50F65002AB7C1;
					};
					044AA09226B50F66002AB7C1 = {
						CreatedOnToolsVersion = 12.4;
						TestTargetID = 044AA06E26B50F65002AB7C1;
					};
				};
			};
			buildConfigurationList = 044AA06A26B50F65002AB7C1 /* Build configuration list for PBXProject "DemoProject" */;
			compatibilityVersion = "Xcode 9.3";
			developmentRegion = en;
			hasScannedForEncodings = 0;
			knownRegions = (
				en,
				Base,
			);
			mainGroup = 044AA06626B50F65002AB7C1;
			productRefGroup = 044AA07026B50F65002AB7C1 /* Products */;
			projectDirPath = "";
			projectRoot = "";
			targets = (
				044AA06E26B50F65002AB7C1 /* DemoProject */,
				044AA08726B50F66002AB7C1 /* DemoProjectTests */,
				044AA09226B50F66002AB7C1 /* DemoProjectUITests */,
			);
		};
/* End PBXProject section */

/* Begin PBXResourcesBuildPhase section */
		044AA06D26B50F65002AB7C1 /* Resources */ = {
			isa = PBXResourcesBuildPhase;
			buildActionMask = 2147483647;
			files = (
				044AA08226B50F66002AB7C1 /* LaunchScreen.storyboard in Resources */,
				044AA07F26B50F66002AB7C1 /* Assets.xcassets in Resources */,
				044AA07A26B50F65002AB7C1 /* Main.storyboard in Resources */,
			);
			runOnlyForDeploymentPostprocessing = 0;
		};
		044AA08626B50F66002AB7C1 /* Resources */ = {
			isa = PBXResourcesBuildPhase;
			buildActionMask = 2147483647;
			files = (
			);
			runOnlyForDeploymentPostprocessing = 0;
		};
		044AA09126B50F66002AB7C1 /* Resources */ = {
			isa = PBXResourcesBuildPhase;
			buildActionMask = 2147483647;
			files = (
			);
			runOnlyForDeploymentPostprocessing = 0;
		};
/* End PBXResourcesBuildPhase section */

/* Begin PBXSourcesBuildPhase section */
		044AA06B26B50F65002AB7C1 /* Sources */ = {
			isa = PBXSourcesBuildPhase;
			buildActionMask = 2147483647;
			files = (
				044AA10326B533C7002AB7C1 /* NewsHeadline.swift in Sources */,
				044AA07D26B50F66002AB7C1 /* DemoProject.xcdatamodeld in Sources */,
				044AA0EE26B53205002AB7C1 /* NewsHeadlineCellController.swift in Sources */,
				044AA0C326B5162C002AB7C1 /* NewsViewModel.swift in Sources */,
				044AA0C826B51680002AB7C1 /* NewsModel.swift in Sources */,
				044AA0F626B5326E002AB7C1 /* NewsHeadlineCell.swift in Sources */,
				044AA0CD26B51806002AB7C1 /* AppConstants.swift in Sources */,
				044AA07326B50F65002AB7C1 /* AppDelegate.swift in Sources */,
				044AA0BE26B513E5002AB7C1 /* HeadlinesComposer.swift in Sources */,
				044AA11B26B53AE7002AB7C1 /* NewsDetailVC.swift in Sources */,
				044AA0D426B51884002AB7C1 /* NewsLoader.swift in Sources */,
				044AA07526B50F65002AB7C1 /* SceneDelegate.swift in Sources */,
				044AA0E926B51C71002AB7C1 /* NewsApiHelper.swift in Sources */,
				044AA10E26B53524002AB7C1 /* Extensions.swift in Sources */,
				044AA11626B53A81002AB7C1 /* NewsDetailVCComposer.swift in Sources */,
				044AA0B926B511C1002AB7C1 /* NewsHeadlinesVC.swift in Sources */,
				044AA0E326B51A80002AB7C1 /* ServiceHelper.swift in Sources */,
			);
			runOnlyForDeploymentPostprocessing = 0;
		};
		044AA08426B50F66002AB7C1 /* Sources */ = {
			isa = PBXSourcesBuildPhase;
			buildActionMask = 2147483647;
			files = (
				044AA08D26B50F66002AB7C1 /* DemoProjectTests.swift in Sources */,
			);
			runOnlyForDeploymentPostprocessing = 0;
		};
		044AA08F26B50F66002AB7C1 /* Sources */ = {
			isa = PBXSourcesBuildPhase;
			buildActionMask = 2147483647;
			files = (
				044AA09826B50F66002AB7C1 /* DemoProjectUITests.swift in Sources */,
			);
			runOnlyForDeploymentPostprocessing = 0;
		};
/* End PBXSourcesBuildPhase section */

/* Begin PBXTargetDependency section */
		044AA08A26B50F66002AB7C1 /* PBXTargetDependency */ = {
			isa = PBXTargetDependency;
			target = 044AA06E26B50F65002AB7C1 /* DemoProject */;
			targetProxy = 044AA08926B50F66002AB7C1 /* PBXContainerItemProxy */;
		};
		044AA09526B50F66002AB7C1 /* PBXTargetDependency */ = {
			isa = PBXTargetDependency;
			target = 044AA06E26B50F65002AB7C1 /* DemoProject */;
			targetProxy = 044AA09426B50F66002AB7C1 /* PBXContainerItemProxy */;
		};
/* End PBXTargetDependency section */

/* Begin PBXVariantGroup section */
		044AA07826B50F65002AB7C1 /* Main.storyboard */ = {
			isa = PBXVariantGroup;
			children = (
				044AA07926B50F65002AB7C1 /* Base */,
			);
			name = Main.storyboard;
			sourceTree = "<group>";
		};
		044AA08026B50F66002AB7C1 /* LaunchScreen.storyboard */ = {
			isa = PBXVariantGroup;
			children = (
				044AA08126B50F66002AB7C1 /* Base */,
			);
			name = LaunchScreen.storyboard;
			sourceTree = "<group>";
		};
/* End PBXVariantGroup section */

/* Begin XCBuildConfiguration section */
		044AA09A26B50F67002AB7C1 /* Debug */ = {
			isa = XCBuildConfiguration;
			buildSettings = {
				ALWAYS_SEARCH_USER_PATHS = NO;
				CLANG_ANALYZER_NONNULL = YES;
				CLANG_ANALYZER_NUMBER_OBJECT_CONVERSION = YES_AGGRESSIVE;
				CLANG_CXX_LANGUAGE_STANDARD = "gnu++14";
				CLANG_CXX_LIBRARY = "libc++";
				CLANG_ENABLE_MODULES = YES;
				CLANG_ENABLE_OBJC_ARC = YES;
				CLANG_ENABLE_OBJC_WEAK = YES;
				CLANG_WARN_BLOCK_CAPTURE_AUTORELEASING = YES;
				CLANG_WARN_BOOL_CONVERSION = YES;
				CLANG_WARN_COMMA = YES;
				CLANG_WARN_CONSTANT_CONVERSION = YES;
				CLANG_WARN_DEPRECATED_OBJC_IMPLEMENTATIONS = YES;
				CLANG_WARN_DIRECT_OBJC_ISA_USAGE = YES_ERROR;
				CLANG_WARN_DOCUMENTATION_COMMENTS = YES;
				CLANG_WARN_EMPTY_BODY = YES;
				CLANG_WARN_ENUM_CONVERSION = YES;
				CLANG_WARN_INFINITE_RECURSION = YES;
				CLANG_WARN_INT_CONVERSION = YES;
				CLANG_WARN_NON_LITERAL_NULL_CONVERSION = YES;
				CLANG_WARN_OBJC_IMPLICIT_RETAIN_SELF = YES;
				CLANG_WARN_OBJC_LITERAL_CONVERSION = YES;
				CLANG_WARN_OBJC_ROOT_CLASS = YES_ERROR;
				CLANG_WARN_QUOTED_INCLUDE_IN_FRAMEWORK_HEADER = YES;
				CLANG_WARN_RANGE_LOOP_ANALYSIS = YES;
				CLANG_WARN_STRICT_PROTOTYPES = YES;
				CLANG_WARN_SUSPICIOUS_MOVE = YES;
				CLANG_WARN_UNGUARDED_AVAILABILITY = YES_AGGRESSIVE;
				CLANG_WARN_UNREACHABLE_CODE = YES;
				CLANG_WARN__DUPLICATE_METHOD_MATCH = YES;
				COPY_PHASE_STRIP = NO;
				DEBUG_INFORMATION_FORMAT = dwarf;
				ENABLE_STRICT_OBJC_MSGSEND = YES;
				ENABLE_TESTABILITY = YES;
				GCC_C_LANGUAGE_STANDARD = gnu11;
				GCC_DYNAMIC_NO_PIC = NO;
				GCC_NO_COMMON_BLOCKS = YES;
				GCC_OPTIMIZATION_LEVEL = 0;
				GCC_PREPROCESSOR_DEFINITIONS = (
					"DEBUG=1",
					"$(inherited)",
				);
				GCC_WARN_64_TO_32_BIT_CONVERSION = YES;
				GCC_WARN_ABOUT_RETURN_TYPE = YES_ERROR;
				GCC_WARN_UNDECLARED_SELECTOR = YES;
				GCC_WARN_UNINITIALIZED_AUTOS = YES_AGGRESSIVE;
				GCC_WARN_UNUSED_FUNCTION = YES;
				GCC_WARN_UNUSED_VARIABLE = YES;
				IPHONEOS_DEPLOYMENT_TARGET = 14.4;
				MTL_ENABLE_DEBUG_INFO = INCLUDE_SOURCE;
				MTL_FAST_MATH = YES;
				ONLY_ACTIVE_ARCH = YES;
				SDKROOT = iphoneos;
				SWIFT_ACTIVE_COMPILATION_CONDITIONS = DEBUG;
				SWIFT_OPTIMIZATION_LEVEL = "-Onone";
			};
			name = Debug;
		};
		044AA09B26B50F67002AB7C1 /* Release */ = {
			isa = XCBuildConfiguration;
			buildSettings = {
				ALWAYS_SEARCH_USER_PATHS = NO;
				CLANG_ANALYZER_NONNULL = YES;
				CLANG_ANALYZER_NUMBER_OBJECT_CONVERSION = YES_AGGRESSIVE;
				CLANG_CXX_LANGUAGE_STANDARD = "gnu++14";
				CLANG_CXX_LIBRARY = "libc++";
				CLANG_ENABLE_MODULES = YES;
				CLANG_ENABLE_OBJC_ARC = YES;
				CLANG_ENABLE_OBJC_WEAK = YES;
				CLANG_WARN_BLOCK_CAPTURE_AUTORELEASING = YES;
				CLANG_WARN_BOOL_CONVERSION = YES;
				CLANG_WARN_COMMA = YES;
				CLANG_WARN_CONSTANT_CONVERSION = YES;
				CLANG_WARN_DEPRECATED_OBJC_IMPLEMENTATIONS = YES;
				CLANG_WARN_DIRECT_OBJC_ISA_USAGE = YES_ERROR;
				CLANG_WARN_DOCUMENTATION_COMMENTS = YES;
				CLANG_WARN_EMPTY_BODY = YES;
				CLANG_WARN_ENUM_CONVERSION = YES;
				CLANG_WARN_INFINITE_RECURSION = YES;
				CLANG_WARN_INT_CONVERSION = YES;
				CLANG_WARN_NON_LITERAL_NULL_CONVERSION = YES;
				CLANG_WARN_OBJC_IMPLICIT_RETAIN_SELF = YES;
				CLANG_WARN_OBJC_LITERAL_CONVERSION = YES;
				CLANG_WARN_OBJC_ROOT_CLASS = YES_ERROR;
				CLANG_WARN_QUOTED_INCLUDE_IN_FRAMEWORK_HEADER = YES;
				CLANG_WARN_RANGE_LOOP_ANALYSIS = YES;
				CLANG_WARN_STRICT_PROTOTYPES = YES;
				CLANG_WARN_SUSPICIOUS_MOVE = YES;
				CLANG_WARN_UNGUARDED_AVAILABILITY = YES_AGGRESSIVE;
				CLANG_WARN_UNREACHABLE_CODE = YES;
				CLANG_WARN__DUPLICATE_METHOD_MATCH = YES;
				COPY_PHASE_STRIP = NO;
				DEBUG_INFORMATION_FORMAT = "dwarf-with-dsym";
				ENABLE_NS_ASSERTIONS = NO;
				ENABLE_STRICT_OBJC_MSGSEND = YES;
				GCC_C_LANGUAGE_STANDARD = gnu11;
				GCC_NO_COMMON_BLOCKS = YES;
				GCC_WARN_64_TO_32_BIT_CONVERSION = YES;
				GCC_WARN_ABOUT_RETURN_TYPE = YES_ERROR;
				GCC_WARN_UNDECLARED_SELECTOR = YES;
				GCC_WARN_UNINITIALIZED_AUTOS = YES_AGGRESSIVE;
				GCC_WARN_UNUSED_FUNCTION = YES;
				GCC_WARN_UNUSED_VARIABLE = YES;
				IPHONEOS_DEPLOYMENT_TARGET = 14.4;
				MTL_ENABLE_DEBUG_INFO = NO;
				MTL_FAST_MATH = YES;
				SDKROOT = iphoneos;
				SWIFT_COMPILATION_MODE = wholemodule;
				SWIFT_OPTIMIZATION_LEVEL = "-O";
				VALIDATE_PRODUCT = YES;
			};
			name = Release;
		};
		044AA09D26B50F67002AB7C1 /* Debug */ = {
			isa = XCBuildConfiguration;
			buildSettings = {
				ASSETCATALOG_COMPILER_APPICON_NAME = AppIcon;
				ASSETCATALOG_COMPILER_GLOBAL_ACCENT_COLOR_NAME = AccentColor;
				CODE_SIGN_STYLE = Automatic;
				DEVELOPMENT_TEAM = Q4KF7QULRW;
				INFOPLIST_FILE = DemoProject/Info.plist;
				LD_RUNPATH_SEARCH_PATHS = (
					"$(inherited)",
					"@executable_path/Frameworks",
				);
				PRODUCT_BUNDLE_IDENTIFIER = Learning.DemoProject;
				PRODUCT_NAME = "$(TARGET_NAME)";
				SWIFT_VERSION = 5.0;
				TARGETED_DEVICE_FAMILY = "1,2";
			};
			name = Debug;
		};
		044AA09E26B50F67002AB7C1 /* Release */ = {
			isa = XCBuildConfiguration;
			buildSettings = {
				ASSETCATALOG_COMPILER_APPICON_NAME = AppIcon;
				ASSETCATALOG_COMPILER_GLOBAL_ACCENT_COLOR_NAME = AccentColor;
				CODE_SIGN_STYLE = Automatic;
				DEVELOPMENT_TEAM = Q4KF7QULRW;
				INFOPLIST_FILE = DemoProject/Info.plist;
				LD_RUNPATH_SEARCH_PATHS = (
					"$(inherited)",
					"@executable_path/Frameworks",
				);
				PRODUCT_BUNDLE_IDENTIFIER = Learning.DemoProject;
				PRODUCT_NAME = "$(TARGET_NAME)";
				SWIFT_VERSION = 5.0;
				TARGETED_DEVICE_FAMILY = "1,2";
			};
			name = Release;
		};
		044AA0A026B50F67002AB7C1 /* Debug */ = {
			isa = XCBuildConfiguration;
			buildSettings = {
				ALWAYS_EMBED_SWIFT_STANDARD_LIBRARIES = YES;
				BUNDLE_LOADER = "$(TEST_HOST)";
				CODE_SIGN_STYLE = Automatic;
				DEVELOPMENT_TEAM = Q4KF7QULRW;
				INFOPLIST_FILE = DemoProjectTests/Info.plist;
				IPHONEOS_DEPLOYMENT_TARGET = 14.4;
				LD_RUNPATH_SEARCH_PATHS = (
					"$(inherited)",
					"@executable_path/Frameworks",
					"@loader_path/Frameworks",
				);
				PRODUCT_BUNDLE_IDENTIFIER = Learning.DemoProjectTests;
				PRODUCT_NAME = "$(TARGET_NAME)";
				SWIFT_VERSION = 5.0;
				TARGETED_DEVICE_FAMILY = "1,2";
				TEST_HOST = "$(BUILT_PRODUCTS_DIR)/DemoProject.app/DemoProject";
			};
			name = Debug;
		};
		044AA0A126B50F67002AB7C1 /* Release */ = {
			isa = XCBuildConfiguration;
			buildSettings = {
				ALWAYS_EMBED_SWIFT_STANDARD_LIBRARIES = YES;
				BUNDLE_LOADER = "$(TEST_HOST)";
				CODE_SIGN_STYLE = Automatic;
				DEVELOPMENT_TEAM = Q4KF7QULRW;
				INFOPLIST_FILE = DemoProjectTests/Info.plist;
				IPHONEOS_DEPLOYMENT_TARGET = 14.4;
				LD_RUNPATH_SEARCH_PATHS = (
					"$(inherited)",
					"@executable_path/Frameworks",
					"@loader_path/Frameworks",
				);
				PRODUCT_BUNDLE_IDENTIFIER = Learning.DemoProjectTests;
				PRODUCT_NAME = "$(TARGET_NAME)";
				SWIFT_VERSION = 5.0;
				TARGETED_DEVICE_FAMILY = "1,2";
				TEST_HOST = "$(BUILT_PRODUCTS_DIR)/DemoProject.app/DemoProject";
			};
			name = Release;
		};
		044AA0A326B50F67002AB7C1 /* Debug */ = {
			isa = XCBuildConfiguration;
			buildSettings = {
				ALWAYS_EMBED_SWIFT_STANDARD_LIBRARIES = YES;
				CODE_SIGN_STYLE = Automatic;
				DEVELOPMENT_TEAM = Q4KF7QULRW;
				INFOPLIST_FILE = DemoProjectUITests/Info.plist;
				LD_RUNPATH_SEARCH_PATHS = (
					"$(inherited)",
					"@executable_path/Frameworks",
					"@loader_path/Frameworks",
				);
				PRODUCT_BUNDLE_IDENTIFIER = Learning.DemoProjectUITests;
				PRODUCT_NAME = "$(TARGET_NAME)";
				SWIFT_VERSION = 5.0;
				TARGETED_DEVICE_FAMILY = "1,2";
				TEST_TARGET_NAME = DemoProject;
			};
			name = Debug;
		};
		044AA0A426B50F67002AB7C1 /* Release */ = {
			isa = XCBuildConfiguration;
			buildSettings = {
				ALWAYS_EMBED_SWIFT_STANDARD_LIBRARIES = YES;
				CODE_SIGN_STYLE = Automatic;
				DEVELOPMENT_TEAM = Q4KF7QULRW;
				INFOPLIST_FILE = DemoProjectUITests/Info.plist;
				LD_RUNPATH_SEARCH_PATHS = (
					"$(inherited)",
					"@executable_path/Frameworks",
					"@loader_path/Frameworks",
				);
				PRODUCT_BUNDLE_IDENTIFIER = Learning.DemoProjectUITests;
				PRODUCT_NAME = "$(TARGET_NAME)";
				SWIFT_VERSION = 5.0;
				TARGETED_DEVICE_FAMILY = "1,2";
				TEST_TARGET_NAME = DemoProject;
			};
			name = Release;
		};
/* End XCBuildConfiguration section */

/* Begin XCConfigurationList section */
		044AA06A26B50F65002AB7C1 /* Build configuration list for PBXProject "DemoProject" */ = {
			isa = XCConfigurationList;
			buildConfigurations = (
				044AA09A26B50F67002AB7C1 /* Debug */,
				044AA09B26B50F67002AB7C1 /* Release */,
			);
			defaultConfigurationIsVisible = 0;
			defaultConfigurationName = Release;
		};
		044AA09C26B50F67002AB7C1 /* Build configuration list for PBXNativeTarget "DemoProject" */ = {
			isa = XCConfigurationList;
			buildConfigurations = (
				044AA09D26B50F67002AB7C1 /* Debug */,
				044AA09E26B50F67002AB7C1 /* Release */,
			);
			defaultConfigurationIsVisible = 0;
			defaultConfigurationName = Release;
		};
		044AA09F26B50F67002AB7C1 /* Build configuration list for PBXNativeTarget "DemoProjectTests" */ = {
			isa = XCConfigurationList;
			buildConfigurations = (
				044AA0A026B50F67002AB7C1 /* Debug */,
				044AA0A126B50F67002AB7C1 /* Release */,
			);
			defaultConfigurationIsVisible = 0;
			defaultConfigurationName = Release;
		};
		044AA0A226B50F67002AB7C1 /* Build configuration list for PBXNativeTarget "DemoProjectUITests" */ = {
			isa = XCConfigurationList;
			buildConfigurations = (
				044AA0A326B50F67002AB7C1 /* Debug */,
				044AA0A426B50F67002AB7C1 /* Release */,
			);
			defaultConfigurationIsVisible = 0;
			defaultConfigurationName = Release;
		};
/* End XCConfigurationList section */

/* Begin XCVersionGroup section */
		044AA07B26B50F66002AB7C1 /* DemoProject.xcdatamodeld */ = {
			isa = XCVersionGroup;
			children = (
				044AA07C26B50F66002AB7C1 /* DemoProject.xcdatamodel */,
			);
			currentVersion = 044AA07C26B50F66002AB7C1 /* DemoProject.xcdatamodel */;
			path = DemoProject.xcdatamodeld;
			sourceTree = "<group>";
			versionGroupType = wrapper.xcdatamodel;
		};
/* End XCVersionGroup section */
	};
	rootObject = 044AA06726B50F65002AB7C1 /* Project object */;
}
